
Microsoft Visual Studio Solution File, Format Version 12.00
# Visual Studio 15
Project("{FAE04EC0-301F-11D3-BF4B-00C04F79EFBC}") = "Assembly-CSharp", "Assembly-CSharp.csproj", "{ECF1766E-6DD4-6A9A-7A61-22755CF5FCF1}"
EndProject
Global
	GlobalSection(SolutionConfigurationPlatforms) = preSolution
		Debug|Any CPU = Debug|Any CPU
		Release|Any CPU = Release|Any CPU
	EndGlobalSection
	GlobalSection(ProjectConfigurationPlatforms) = postSolution
		{ECF1766E-6DD4-6A9A-7A61-22755CF5FCF1}.Debug|Any CPU.ActiveCfg = Debug|Any CPU
		{ECF1766E-6DD4-6A9A-7A61-22755CF5FCF1}.Debug|Any CPU.Build.0 = Debug|Any CPU
		{ECF1766E-6DD4-6A9A-7A61-22755CF5FCF1}.Release|Any CPU.ActiveCfg = Release|Any CPU
		{ECF1766E-6DD4-6A9A-7A61-22755CF5FCF1}.Release|Any CPU.Build.0 = Release|Any CPU
	EndGlobalSection
	GlobalSection(SolutionProperties) = preSolution
		HideSolutionNode = FALSE
	EndGlobalSection
EndGlobal
